
Microsoft Visual Studio Solution File, Format Version 12.00
# Visual Studio Version 17
VisualStudioVersion = 17.13.35825.156 d17.13
MinimumVisualStudioVersion = 10.0.40219.1
Project("{FAE04EC0-301F-11D3-BF4B-00C04F79EFBC}") = "Calculator1", "Calculator1.csproj", "{3E805921-37C4-405A-A15A-2D7E1F36214E}"
EndProject
Global
	GlobalSection(SolutionConfigurationPlatforms) = preSolution
		Debug|Any CPU = Debug|Any CPU
		Release|Any CPU = Release|Any CPU
	EndGlobalSection
	GlobalSection(ProjectConfigurationPlatforms) = postSolution
		{3E805921-37C4-405A-A15A-2D7E1F36214E}.Debug|Any CPU.ActiveCfg = Debug|Any CPU
		{3E805921-37C4-405A-A15A-2D7E1F36214E}.Debug|Any CPU.Build.0 = Debug|Any CPU
		{3E805921-37C4-405A-A15A-2D7E1F36214E}.Release|Any CPU.ActiveCfg = Release|Any CPU
		{3E805921-37C4-405A-A15A-2D7E1F36214E}.Release|Any CPU.Build.0 = Release|Any CPU
	EndGlobalSection
	GlobalSection(SolutionProperties) = preSolution
		HideSolutionNode = FALSE
	EndGlobalSection
	GlobalSection(ExtensibilityGlobals) = postSolution
		SolutionGuid = {0A1791E0-B973-46B7-9A95-BB967E7D7B1B}
	EndGlobalSection
EndGlobal
